{
  "nodes": {
    "darwin": {
      "inputs": {
        "nixpkgs": [
          "nixpkgs"
        ]
      },
      "locked": {
        "lastModified": 1777780666,
        "narHash": "sha256-8wURyQMdDkGUarSTKOGdCuFfYiwa3HbzwscUfn3STDE=",
        "owner": "LnL7",
        "repo": "nix-darwin",
        "rev": "8c62fba0854ba15c8917aed18894dbccb48a3777",
        "type": "github"
      },
      "original": {
        "owner": "LnL7",
        "repo": "nix-darwin",
        "type": "github"
      }
    },
    "devops": {
      "inputs": {
        "nixpkgs": [
          "nixpkgs"
        ],
        "nixpkgs-python": "nixpkgs-python",
        "nixpkgs-terraform": "nixpkgs-terraform",
        "systems": "systems_2"
      },
      "locked": {
        "path": "./flakes/devops",
        "type": "path"
      },
      "original": {
        "path": "./flakes/devops",
        "type": "path"
      },
      "parent": []
    },
    "flake-compat": {
      "flake": false,
      "locked": {
        "lastModified": 1767039857,
        "narHash": "sha256-vNpUSpF5Nuw8xvDLj2KCwwksIbjua2LZCqhV1LNRDns=",
        "owner": "edolstra",
        "repo": "flake-compat",
        "rev": "5edf11c44bc78a0d334f6334cdaf7d60d732daab",
        "type": "github"
      },
      "original": {
        "owner": "edolstra",
        "repo": "flake-compat",
        "type": "github"
      }
    },
    "home-manager": {
      "inputs": {
        "nixpkgs": [
          "nixpkgs"
        ]
      },
      "locked": {
        "lastModified": 1778954430,
        "narHash": "sha256-oaNyOr05lblaQdtbkbN1wO0b2KLIL2O1LkmwDgdQp4I=",
        "owner": "nix-community",
        "repo": "home-manager",
        "rev": "26aaab785b0bab4af60a2c42b22760fa906ef22a",
        "type": "github"
      },
      "original": {
        "owner": "nix-community",
        "repo": "home-manager",
        "type": "github"
      }
    },
    "nixpkgs": {
      "locked": {
        "lastModified": 1773964973,
        "narHash": "sha256-NV/J+tTER0P5iJhUDL/8HO5MDjDceLQPRUYgdmy5wXw=",
        "owner": "NixOS",
        "repo": "nixpkgs",
        "rev": "812b3986fd1568f7a858f97fcf425ad996ba7d25",
        "type": "github"
      },
      "original": {
        "owner": "NixOS",
        "ref": "nixos-25.11",
        "repo": "nixpkgs",
        "type": "github"
      }
    },
    "nixpkgs-23_05": {
      "locked": {
        "lastModified": 1705033721,
        "narHash": "sha256-K5eJHmL1/kev6WuqyqqbS1cdNnSidIZ3jeqJ7GbrYnQ=",
        "owner": "nixos",
        "repo": "nixpkgs",
        "rev": "a1982c92d8980a0114372973cbdfe0a307f1bdea",
        "type": "github"
      },
      "original": {
        "owner": "nixos",
        "ref": "nixos-23.05-small",
        "repo": "nixpkgs",
        "type": "github"
      }
    },
    "nixpkgs-24_05": {
      "locked": {
        "lastModified": 1735651292,
        "narHash": "sha256-YLbzcBtYo1/FEzFsB3AnM16qFc6fWPMIoOuSoDwvg9g=",
        "owner": "nixos",
        "repo": "nixpkgs",
        "rev": "0da3c44a9460a26d2025ec3ed2ec60a895eb1114",
        "type": "github"
      },
      "original": {
        "owner": "nixos",
        "ref": "nixos-24.05-small",
        "repo": "nixpkgs",
        "type": "github"
      }
    },
    "nixpkgs-python": {
      "inputs": {
        "flake-compat": "flake-compat",
        "nixpkgs": "nixpkgs"
      },
      "locked": {
        "lastModified": 1778604048,
        "narHash": "sha256-kDAQf9uIzU3r0xvs8Uigtaj+5WPhFcZLR/AtH+RZ6TQ=",
        "owner": "cachix",
        "repo": "nixpkgs-python",
        "rev": "00d979a8b233ff145848f7dc79d35a417528a1c5",
        "type": "github"
      },
      "original": {
        "owner": "cachix",
        "repo": "nixpkgs-python",
        "type": "github"
      }
    },
    "nixpkgs-terraform": {
      "inputs": {
        "nixpkgs": "nixpkgs_2",
        "nixpkgs-23_05": "nixpkgs-23_05",
        "nixpkgs-24_05": "nixpkgs-24_05",
        "systems": "systems"
      },
      "locked": {
        "lastModified": 1778860000,
        "narHash": "sha256-CKXIRkZHcRmA56Umf+bAWMjQDsnxjTf58WtXvCTbR2Y=",
        "owner": "stackbuilders",
        "repo": "nixpkgs-terraform",
        "rev": "7c15c1e1be0d02d8712433fb57ec123e010af4e7",
        "type": "github"
      },
      "original": {
        "owner": "stackbuilders",
        "repo": "nixpkgs-terraform",
        "type": "github"
      }
    },
    "nixpkgs_2": {
      "locked": {
        "lastModified": 1763934636,
        "narHash": "sha256-9glbI7f1uU+yzQCq5LwLgdZqx6svOhZWkd4JRY265fc=",
        "owner": "nixos",
        "repo": "nixpkgs",
        "rev": "ee09932cedcef15aaf476f9343d1dea2cb77e261",
        "type": "github"
      },
      "original": {
        "owner": "nixos",
        "ref": "nixpkgs-unstable",
        "repo": "nixpkgs",
        "type": "github"
      }
    },
    "nixpkgs_3": {
      "locked": {
        "lastModified": 1778794387,
        "narHash": "sha256-BL04pOS9453Awkeb9f90XBJXBSkWxN+vB7HIgnL0iMM=",
        "owner": "nixos",
        "repo": "nixpkgs",
        "rev": "8a1b0127302ea51e05bf4ea5a291743fac442406",
        "type": "github"
      },
      "original": {
        "owner": "nixos",
        "ref": "nixpkgs-unstable",
        "repo": "nixpkgs",
        "type": "github"
      }
    },
    "root": {
      "inputs": {
        "darwin": "darwin",
        "devops": "devops",
        "home-manager": "home-manager",
        "nixpkgs": "nixpkgs_3",
        "rust": "rust",
        "scala": "scala",
        "scala212": "scala212"
      }
    },
    "rust": {
      "inputs": {
        "nixpkgs": [
          "nixpkgs"
        ],
        "rust-overlay": "rust-overlay"
      },
      "locked": {
        "path": "./flakes/rust",
        "type": "path"
      },
      "original": {
        "path": "./flakes/rust",
        "type": "path"
      },
      "parent": []
    },
    "rust-overlay": {
      "inputs": {
        "nixpkgs": [
          "rust",
          "nixpkgs"
        ]
      },
      "locked": {
        "lastModified": 1778901358,
        "narHash": "sha256-n35a8GOPs8zi35GXPe4uBz0Y8xseTkQpNgcrq81gPg0=",
        "owner": "oxalica",
        "repo": "rust-overlay",
        "rev": "61ec6a4fc56fe0c2b863f7b3eaba07b6664697d9",
        "type": "github"
      },
      "original": {
        "owner": "oxalica",
        "repo": "rust-overlay",
        "type": "github"
      }
    },
    "scala": {
      "inputs": {
        "nixpkgs": [
          "nixpkgs"
        ],
        "systems": "systems_3"
      },
      "locked": {
        "path": "./flakes/scala",
        "type": "path"
      },
      "original": {
        "path": "./flakes/scala",
        "type": "path"
      },
      "parent": []
    },
    "scala212": {
      "inputs": {
        "nixpkgs": [
          "nixpkgs"
        ],
        "systems": "systems_4"
      },
      "locked": {
        "path": "./flakes/scala212",
        "type": "path"
      },
      "original": {
        "path": "./flakes/scala212",
        "type": "path"
      },
      "parent": []
    },
    "systems": {
      "locked": {
        "lastModified": 1681028828,
        "narHash": "sha256-Vy1rq5AaRuLzOxct8nz4T6wlgyUR7zLU309k9mBC768=",
        "owner": "nix-systems",
        "repo": "default",
        "rev": "da67096a3b9bf56a91d16901293e51ba5b49a27e",
        "type": "github"
      },
      "original": {
        "owner": "nix-systems",
        "repo": "default",
        "type": "github"
      }
    },
    "systems_2": {
      "locked": {
        "lastModified": 1681028828,
        "narHash": "sha256-Vy1rq5AaRuLzOxct8nz4T6wlgyUR7zLU309k9mBC768=",
        "owner": "nix-systems",
        "repo": "default",
        "rev": "da67096a3b9bf56a91d16901293e51ba5b49a27e",
        "type": "github"
      },
      "original": {
        "owner": "nix-systems",
        "repo": "default",
        "type": "github"
      }
    },
    "systems_3": {
      "locked": {
        "lastModified": 1681028828,
        "narHash": "sha256-Vy1rq5AaRuLzOxct8nz4T6wlgyUR7zLU309k9mBC768=",
        "owner": "nix-systems",
        "repo": "default",
        "rev": "da67096a3b9bf56a91d16901293e51ba5b49a27e",
        "type": "github"
      },
      "original": {
        "owner": "nix-systems",
        "repo": "default",
        "type": "github"
      }
    },
    "systems_4": {
      "locked": {
        "lastModified": 1681028828,
        "narHash": "sha256-Vy1rq5AaRuLzOxct8nz4T6wlgyUR7zLU309k9mBC768=",
        "owner": "nix-systems",
        "repo": "default",
        "rev": "da67096a3b9bf56a91d16901293e51ba5b49a27e",
        "type": "github"
      },
      "original": {
        "owner": "nix-systems",
        "repo": "default",
        "type": "github"
      }
    }
  },
  "root": "root",
  "version": 7
}
