{
  "nodes": {
    "config": {
      "locked": {
        "dir": "templates/config",
        "lastModified": 1719931926,
        "narHash": "sha256-B8j9lHX0LqWlZkm8JxZRN6919RQjJEu/1J1SR8pU/ww=",
        "owner": "stackbuilders",
        "repo": "nixpkgs-terraform",
        "rev": "034287ee462c87dadc14a94d4b53a48ed66c7b3d",
        "type": "github"
      },
      "original": {
        "dir": "templates/config",
        "owner": "stackbuilders",
        "repo": "nixpkgs-terraform",
        "type": "github"
      }
    },
    "darwin": {
      "inputs": {
        "nixpkgs": [
          "nixpkgs"
        ]
      },
      "locked": {
        "lastModified": 1742013980,
        "narHash": "sha256-34YbfwABU5nb0F5eaaJE3ujldaNDhmyxw7CWqhXJV08=",
        "owner": "LnL7",
        "repo": "nix-darwin",
        "rev": "9175b4bb5f127fb7b5784b14f7e01abff24c378f",
        "type": "github"
      },
      "original": {
        "owner": "LnL7",
        "repo": "nix-darwin",
        "type": "github"
      }
    },
    "devops": {
      "inputs": {
        "nixpkgs": [
          "nixpkgs"
        ],
        "nixpkgs-python": "nixpkgs-python",
        "nixpkgs-terraform": "nixpkgs-terraform",
        "systems": "systems_2"
      },
      "locked": {
        "lastModified": 1,
        "narHash": "sha256-+ly/0URAXBybHIr/iUENItB7TbwkPu5D/5aobyqWWrc=",
        "path": "/nix/store/8hjz8691fbjsn9fx1rciagya8clna48z-source/flakes/devops",
        "type": "path"
      },
      "original": {
        "path": "/nix/store/8hjz8691fbjsn9fx1rciagya8clna48z-source/flakes/devops",
        "type": "path"
      }
    },
    "flake-compat": {
      "flake": false,
      "locked": {
        "lastModified": 1696426674,
        "narHash": "sha256-kvjfFW7WAETZlt09AgDn1MrtKzP7t90Vf7vypd3OL1U=",
        "owner": "edolstra",
        "repo": "flake-compat",
        "rev": "0f9255e01c2351cc7d116c072cb317785dd33b33",
        "type": "github"
      },
      "original": {
        "owner": "edolstra",
        "repo": "flake-compat",
        "type": "github"
      }
    },
    "flake-parts": {
      "inputs": {
        "nixpkgs-lib": "nixpkgs-lib"
      },
      "locked": {
        "lastModified": 1722555600,
        "narHash": "sha256-XOQkdLafnb/p9ij77byFQjDf5m5QYl9b2REiVClC+x4=",
        "owner": "hercules-ci",
        "repo": "flake-parts",
        "rev": "8471fe90ad337a8074e957b69ca4d0089218391d",
        "type": "github"
      },
      "original": {
        "owner": "hercules-ci",
        "repo": "flake-parts",
        "type": "github"
      }
    },
    "home-manager": {
      "inputs": {
        "nixpkgs": [
          "nixpkgs"
        ]
      },
      "locked": {
        "lastModified": 1741955947,
        "narHash": "sha256-2lbURKclgKqBNm7hVRtWh0A7NrdsibD0EaWhahUVhhY=",
        "owner": "nix-community",
        "repo": "home-manager",
        "rev": "4e12151c9e014e2449e0beca2c0e9534b96a26b4",
        "type": "github"
      },
      "original": {
        "owner": "nix-community",
        "repo": "home-manager",
        "type": "github"
      }
    },
    "nixpkgs": {
      "locked": {
        "lastModified": 1719253556,
        "narHash": "sha256-A/76RFUVxZ/7Y8+OMVL1Lc8LRhBxZ8ZE2bpMnvZ1VpY=",
        "owner": "NixOS",
        "repo": "nixpkgs",
        "rev": "fc07dc3bdf2956ddd64f24612ea7fc894933eb2e",
        "type": "github"
      },
      "original": {
        "owner": "NixOS",
        "ref": "nixos-24.05",
        "repo": "nixpkgs",
        "type": "github"
      }
    },
    "nixpkgs-1_0": {
      "locked": {
        "lastModified": 1699291058,
        "narHash": "sha256-5ggduoaAMPHUy4riL+OrlAZE14Kh7JWX4oLEs22ZqfU=",
        "owner": "nixos",
        "repo": "nixpkgs",
        "rev": "41de143fda10e33be0f47eab2bfe08a50f234267",
        "type": "github"
      },
      "original": {
        "owner": "nixos",
        "repo": "nixpkgs",
        "rev": "41de143fda10e33be0f47eab2bfe08a50f234267",
        "type": "github"
      }
    },
    "nixpkgs-1_6": {
      "locked": {
        "lastModified": 1712757991,
        "narHash": "sha256-kR7C7Fqt3JP40h0mzmSZeWI5pk1iwqj4CSeGjnUbVHc=",
        "owner": "nixos",
        "repo": "nixpkgs",
        "rev": "d6b3ddd253c578a7ab98f8011e59990f21dc3932",
        "type": "github"
      },
      "original": {
        "owner": "nixos",
        "repo": "nixpkgs",
        "rev": "d6b3ddd253c578a7ab98f8011e59990f21dc3932",
        "type": "github"
      }
    },
    "nixpkgs-1_9": {
      "locked": {
        "lastModified": 1732617236,
        "narHash": "sha256-PYkz6U0bSEaEB1al7O1XsqVNeSNS+s3NVclJw7YC43w=",
        "owner": "nixos",
        "repo": "nixpkgs",
        "rev": "af51545ec9a44eadf3fe3547610a5cdd882bc34e",
        "type": "github"
      },
      "original": {
        "owner": "nixos",
        "repo": "nixpkgs",
        "rev": "af51545ec9a44eadf3fe3547610a5cdd882bc34e",
        "type": "github"
      }
    },
    "nixpkgs-lib": {
      "locked": {
        "lastModified": 1722555339,
        "narHash": "sha256-uFf2QeW7eAHlYXuDktm9c25OxOyCoUOQmh5SZ9amE5Q=",
        "type": "tarball",
        "url": "https://github.com/NixOS/nixpkgs/archive/a5d394176e64ab29c852d03346c1fc9b0b7d33eb.tar.gz"
      },
      "original": {
        "type": "tarball",
        "url": "https://github.com/NixOS/nixpkgs/archive/a5d394176e64ab29c852d03346c1fc9b0b7d33eb.tar.gz"
      }
    },
    "nixpkgs-python": {
      "inputs": {
        "flake-compat": "flake-compat",
        "nixpkgs": "nixpkgs"
      },
      "locked": {
        "lastModified": 1733319315,
        "narHash": "sha256-cFQBdRmtIZFVjr2P6NkaCOp7dddF93BC0CXBwFZFaN0=",
        "owner": "cachix",
        "repo": "nixpkgs-python",
        "rev": "01263eeb28c09f143d59cd6b0b7c4cc8478efd48",
        "type": "github"
      },
      "original": {
        "owner": "cachix",
        "repo": "nixpkgs-python",
        "type": "github"
      }
    },
    "nixpkgs-terraform": {
      "inputs": {
        "config": "config",
        "flake-parts": "flake-parts",
        "nixpkgs-1_0": "nixpkgs-1_0",
        "nixpkgs-1_6": "nixpkgs-1_6",
        "nixpkgs-1_9": "nixpkgs-1_9",
        "systems": "systems"
      },
      "locked": {
        "lastModified": 1741825067,
        "narHash": "sha256-3tMx0CU4pP3k58hXn8/ynCSw0hxiGb4mJKSy1Xi36cI=",
        "owner": "stackbuilders",
        "repo": "nixpkgs-terraform",
        "rev": "19fc112fcb422f5ebeee73a5cfc20b71bfc119f4",
        "type": "github"
      },
      "original": {
        "owner": "stackbuilders",
        "repo": "nixpkgs-terraform",
        "type": "github"
      }
    },
    "nixpkgs_2": {
      "locked": {
        "lastModified": 1741865919,
        "narHash": "sha256-4thdbnP6dlbdq+qZWTsm4ffAwoS8Tiq1YResB+RP6WE=",
        "owner": "nixos",
        "repo": "nixpkgs",
        "rev": "573c650e8a14b2faa0041645ab18aed7e60f0c9a",
        "type": "github"
      },
      "original": {
        "owner": "nixos",
        "ref": "nixpkgs-unstable",
        "repo": "nixpkgs",
        "type": "github"
      }
    },
    "root": {
      "inputs": {
        "darwin": "darwin",
        "devops": "devops",
        "home-manager": "home-manager",
        "nixpkgs": "nixpkgs_2",
        "rust": "rust",
        "scala": "scala",
        "scala212": "scala212"
      }
    },
    "rust": {
      "inputs": {
        "nixpkgs": [
          "nixpkgs"
        ],
        "rust-overlay": "rust-overlay"
      },
      "locked": {
        "lastModified": 1,
        "narHash": "sha256-kn4jIWgUC61NKNgsCtQNQvBA/eGeSmRYOHDvlqu/rUc=",
        "path": "/nix/store/8hjz8691fbjsn9fx1rciagya8clna48z-source/flakes/rust",
        "type": "path"
      },
      "original": {
        "path": "/nix/store/8hjz8691fbjsn9fx1rciagya8clna48z-source/flakes/rust",
        "type": "path"
      }
    },
    "rust-overlay": {
      "inputs": {
        "nixpkgs": [
          "rust",
          "nixpkgs"
        ]
      },
      "locked": {
        "lastModified": 1742005800,
        "narHash": "sha256-6wuOGWkyW6R4A6Th9NMi6WK2jjddvZt7V2+rLPk6L3o=",
        "owner": "oxalica",
        "repo": "rust-overlay",
        "rev": "028cd247a6375f83b94adc33d83676480fc9c294",
        "type": "github"
      },
      "original": {
        "owner": "oxalica",
        "repo": "rust-overlay",
        "type": "github"
      }
    },
    "scala": {
      "inputs": {
        "nixpkgs": [
          "nixpkgs"
        ],
        "systems": "systems_3"
      },
      "locked": {
        "lastModified": 1,
        "narHash": "sha256-2MSPgmt5QfB1Cbl30lLe6M/I8p2Sj1b9w5ON9i5ve9Y=",
        "path": "/nix/store/8hjz8691fbjsn9fx1rciagya8clna48z-source/flakes/scala",
        "type": "path"
      },
      "original": {
        "path": "/nix/store/8hjz8691fbjsn9fx1rciagya8clna48z-source/flakes/scala",
        "type": "path"
      }
    },
    "scala212": {
      "inputs": {
        "nixpkgs": [
          "nixpkgs"
        ],
        "systems": "systems_4"
      },
      "locked": {
        "lastModified": 1,
        "narHash": "sha256-TacZJv4pWTRb5jpUYutvpTxT6IyEb9IiRDLqJlPWNmU=",
        "path": "/nix/store/8hjz8691fbjsn9fx1rciagya8clna48z-source/flakes/scala212",
        "type": "path"
      },
      "original": {
        "path": "/nix/store/8hjz8691fbjsn9fx1rciagya8clna48z-source/flakes/scala212",
        "type": "path"
      }
    },
    "systems": {
      "locked": {
        "lastModified": 1681028828,
        "narHash": "sha256-Vy1rq5AaRuLzOxct8nz4T6wlgyUR7zLU309k9mBC768=",
        "owner": "nix-systems",
        "repo": "default",
        "rev": "da67096a3b9bf56a91d16901293e51ba5b49a27e",
        "type": "github"
      },
      "original": {
        "owner": "nix-systems",
        "repo": "default",
        "type": "github"
      }
    },
    "systems_2": {
      "locked": {
        "lastModified": 1681028828,
        "narHash": "sha256-Vy1rq5AaRuLzOxct8nz4T6wlgyUR7zLU309k9mBC768=",
        "owner": "nix-systems",
        "repo": "default",
        "rev": "da67096a3b9bf56a91d16901293e51ba5b49a27e",
        "type": "github"
      },
      "original": {
        "owner": "nix-systems",
        "repo": "default",
        "type": "github"
      }
    },
    "systems_3": {
      "locked": {
        "lastModified": 1681028828,
        "narHash": "sha256-Vy1rq5AaRuLzOxct8nz4T6wlgyUR7zLU309k9mBC768=",
        "owner": "nix-systems",
        "repo": "default",
        "rev": "da67096a3b9bf56a91d16901293e51ba5b49a27e",
        "type": "github"
      },
      "original": {
        "owner": "nix-systems",
        "repo": "default",
        "type": "github"
      }
    },
    "systems_4": {
      "locked": {
        "lastModified": 1681028828,
        "narHash": "sha256-Vy1rq5AaRuLzOxct8nz4T6wlgyUR7zLU309k9mBC768=",
        "owner": "nix-systems",
        "repo": "default",
        "rev": "da67096a3b9bf56a91d16901293e51ba5b49a27e",
        "type": "github"
      },
      "original": {
        "owner": "nix-systems",
        "repo": "default",
        "type": "github"
      }
    }
  },
  "root": "root",
  "version": 7
}
